
Microsoft Visual Studio Solution File, Format Version 12.00
# Visual Studio Version 17
VisualStudioVersion = 17.11.35327.3
MinimumVisualStudioVersion = 10.0.40219.1
Project("{9A19103F-16F7-4668-BE54-9A1E7A4F7556}") = "Tyuiu.DylginA.Sprint3.Task0.V25", "Tyuiu.DylginA.Sprint3.Task0.V25\Tyuiu.DylginA.Sprint3.Task0.V25.csproj", "{93FD359E-92B4-401B-97C2-B514FB9B455C}"
EndProject
Project("{9A19103F-16F7-4668-BE54-9A1E7A4F7556}") = "Tyuiu.DylginA.Sprint3.Task0.V25.Lib", "Tyuiu.DylginA.Sprint3.Task0.V25.Lib\Tyuiu.DylginA.Sprint3.Task0.V25.Lib.csproj", "{49C70CEC-3A14-4E00-BA84-9CE9780F73E7}"
EndProject
Project("{9A19103F-16F7-4668-BE54-9A1E7A4F7556}") = "Tyuiu.DylginA.Sprint3.Task0.V25.Test", "Tyuiu.DylginA.Sprint3.Task0.V25.Test\Tyuiu.DylginA.Sprint3.Task0.V25.Test.csproj", "{D9A451CB-94CF-42D9-86CF-89CC86874825}"
EndProject
Project("{2150E333-8FDC-42A3-9474-1A3956D46DE8}") = "Task1", "Task1", "{FBE5F48B-691D-4B27-829E-42E2808CC54F}"
EndProject
Project("{9A19103F-16F7-4668-BE54-9A1E7A4F7556}") = "Tyuiu.DylginA.Sprint3.Task1.V27", "Tyuiu.DylginA.Sprint3.Task1.V27\Tyuiu.DylginA.Sprint3.Task1.V27.csproj", "{1A04CB0F-5FAD-44BD-9553-7FCA3BF4D531}"
EndProject
Project("{9A19103F-16F7-4668-BE54-9A1E7A4F7556}") = "Tyuiu.DylginA.Sprint3.Task1.V27.Lib", "Tyuiu.DylginA.Sprint3.Task1.V27.Lib\Tyuiu.DylginA.Sprint3.Task1.V27.Lib.csproj", "{571CC960-9FA5-408E-9311-D2FA26AE1666}"
EndProject
Project("{9A19103F-16F7-4668-BE54-9A1E7A4F7556}") = "Tyuiu.DylginA.Sprint3.Task1.V27.Test", "Tyuiu.DylginA.Sprint3.Task1.V27.Test\Tyuiu.DylginA.Sprint3.Task1.V27.Test.csproj", "{FDF58B49-24B0-47EF-9578-1C18B762BB4A}"
EndProject
Project("{2150E333-8FDC-42A3-9474-1A3956D46DE8}") = "Task2", "Task2", "{0F3DB513-4F38-4EBB-8C41-2C243D533188}"
EndProject
Project("{9A19103F-16F7-4668-BE54-9A1E7A4F7556}") = "Tyuiu.DylginA.Sprint3.Task2.V9", "Tyuiu.DylginA.Sprint3.Task2.V9\Tyuiu.DylginA.Sprint3.Task2.V9.csproj", "{160462A9-A940-433A-BB8B-B8E1842B84C3}"
EndProject
Project("{9A19103F-16F7-4668-BE54-9A1E7A4F7556}") = "Tyuiu.DylginA.Sprint3.Task2.V9.Lib", "Tyuiu.DylginA.Sprint3.Task2.V9.Lib\Tyuiu.DylginA.Sprint3.Task2.V9.Lib.csproj", "{E0614206-114D-489E-A072-7BE4B96F2DC0}"
EndProject
Project("{9A19103F-16F7-4668-BE54-9A1E7A4F7556}") = "Tyuiu.DylginA.Sprint3.Task2.V9.Test", "Tyuiu.DylginA.Sprint3.Task2.V9.Test\Tyuiu.DylginA.Sprint3.Task2.V9.Test.csproj", "{383AF63C-D60D-431B-AF80-3BE6E5712395}"
EndProject
Project("{2150E333-8FDC-42A3-9474-1A3956D46DE8}") = "Task3", "Task3", "{DE9125E4-CC62-4038-A4EE-01FEE1E9EDB8}"
EndProject
Project("{9A19103F-16F7-4668-BE54-9A1E7A4F7556}") = "Tyuiu.DylginA.Sprint3.Task3.V17", "Tyuiu.DylginA.Sprint3.Task3.V17\Tyuiu.DylginA.Sprint3.Task3.V17.csproj", "{E88B49A6-0E08-41C7-9936-A63F37327AF4}"
EndProject
Project("{9A19103F-16F7-4668-BE54-9A1E7A4F7556}") = "Tyuiu.DylginA.Sprint3.Task3.V17.Lib", "Tyuiu.DylginA.Sprint3.Task3.V17.Lib\Tyuiu.DylginA.Sprint3.Task3.V17.Lib.csproj", "{72782E84-309F-42B4-9245-25ED762930F7}"
EndProject
Project("{9A19103F-16F7-4668-BE54-9A1E7A4F7556}") = "Tyuiu.DylginA.Sprint3.Task3.V17.Test", "Tyuiu.DylginA.Sprint3.Task3.V17.Test\Tyuiu.DylginA.Sprint3.Task3.V17.Test.csproj", "{6DD7D2E2-F2D5-4D09-93A3-22D6C2D92006}"
EndProject
Project("{2150E333-8FDC-42A3-9474-1A3956D46DE8}") = "Task4", "Task4", "{9EC3DAA2-D187-4A25-995F-23B00885161E}"
EndProject
Project("{9A19103F-16F7-4668-BE54-9A1E7A4F7556}") = "Tyuiu.DylginA.Sprint3.Task4.V1", "Tyuiu.DylginA.Sprint3.Task4.V1\Tyuiu.DylginA.Sprint3.Task4.V1.csproj", "{5812BE84-2A39-470A-875B-D45C0EA4045A}"
EndProject
Project("{9A19103F-16F7-4668-BE54-9A1E7A4F7556}") = "Tyuiu.DylginA.Sprint3.Task4.V1.Lib", "Tyuiu.DylginA.Sprint3.Task4.V1.Lib\Tyuiu.DylginA.Sprint3.Task4.V1.Lib.csproj", "{4262B29B-0755-4ADA-A6C2-F15D1C68EC83}"
EndProject
Project("{9A19103F-16F7-4668-BE54-9A1E7A4F7556}") = "Tyuiu.DylginA.Sprint3.Task4.V1.Test", "Tyuiu.DylginA.Sprint3.Task4.V1.Test\Tyuiu.DylginA.Sprint3.Task4.V1.Test.csproj", "{FE34FE8B-6795-43F2-B8E4-0D35F944E62D}"
EndProject
Project("{2150E333-8FDC-42A3-9474-1A3956D46DE8}") = "Task5", "Task5", "{8DC0E98D-68DC-4891-B8F8-C43207DE7B71}"
EndProject
Project("{FAE04EC0-301F-11D3-BF4B-00C04F79EFBC}") = "Tyuiu.DylginA.Sprint3.Task5.V22", "Tyuiu.DylginA.Sprint3.Task5.V22\Tyuiu.DylginA.Sprint3.Task5.V22.csproj", "{980620E5-76DA-4923-81D0-45AD01C76CA6}"
EndProject
Project("{FAE04EC0-301F-11D3-BF4B-00C04F79EFBC}") = "Tyuiu.DylginA.Sprint3.Task5.V22.Lib", "Tyuiu.DylginA.Sprint3.Task5.V22.Lib\Tyuiu.DylginA.Sprint3.Task5.V22.Lib.csproj", "{14294A88-A9FD-4D66-8526-41ADBAE20FFB}"
EndProject
Project("{FAE04EC0-301F-11D3-BF4B-00C04F79EFBC}") = "Tyuiu.DylginA.Sprint3.Task5.V22.Test", "Tyuiu.DylginA.Sprint3.Task5.V22.Test\Tyuiu.DylginA.Sprint3.Task5.V22.Test.csproj", "{20890D12-C324-4739-A2DD-EA6E1BAE5793}"
EndProject
Global
	GlobalSection(SolutionConfigurationPlatforms) = preSolution
		Debug|Any CPU = Debug|Any CPU
		Release|Any CPU = Release|Any CPU
	EndGlobalSection
	GlobalSection(ProjectConfigurationPlatforms) = postSolution
		{93FD359E-92B4-401B-97C2-B514FB9B455C}.Debug|Any CPU.ActiveCfg = Debug|Any CPU
		{93FD359E-92B4-401B-97C2-B514FB9B455C}.Debug|Any CPU.Build.0 = Debug|Any CPU
		{93FD359E-92B4-401B-97C2-B514FB9B455C}.Release|Any CPU.ActiveCfg = Release|Any CPU
		{93FD359E-92B4-401B-97C2-B514FB9B455C}.Release|Any CPU.Build.0 = Release|Any CPU
		{49C70CEC-3A14-4E00-BA84-9CE9780F73E7}.Debug|Any CPU.ActiveCfg = Debug|Any CPU
		{49C70CEC-3A14-4E00-BA84-9CE9780F73E7}.Debug|Any CPU.Build.0 = Debug|Any CPU
		{49C70CEC-3A14-4E00-BA84-9CE9780F73E7}.Release|Any CPU.ActiveCfg = Release|Any CPU
		{49C70CEC-3A14-4E00-BA84-9CE9780F73E7}.Release|Any CPU.Build.0 = Release|Any CPU
		{D9A451CB-94CF-42D9-86CF-89CC86874825}.Debug|Any CPU.ActiveCfg = Debug|Any CPU
		{D9A451CB-94CF-42D9-86CF-89CC86874825}.Debug|Any CPU.Build.0 = Debug|Any CPU
		{D9A451CB-94CF-42D9-86CF-89CC86874825}.Release|Any CPU.ActiveCfg = Release|Any CPU
		{D9A451CB-94CF-42D9-86CF-89CC86874825}.Release|Any CPU.Build.0 = Release|Any CPU
		{1A04CB0F-5FAD-44BD-9553-7FCA3BF4D531}.Debug|Any CPU.ActiveCfg = Debug|Any CPU
		{1A04CB0F-5FAD-44BD-9553-7FCA3BF4D531}.Debug|Any CPU.Build.0 = Debug|Any CPU
		{1A04CB0F-5FAD-44BD-9553-7FCA3BF4D531}.Release|Any CPU.ActiveCfg = Release|Any CPU
		{1A04CB0F-5FAD-44BD-9553-7FCA3BF4D531}.Release|Any CPU.Build.0 = Release|Any CPU
		{571CC960-9FA5-408E-9311-D2FA26AE1666}.Debug|Any CPU.ActiveCfg = Debug|Any CPU
		{571CC960-9FA5-408E-9311-D2FA26AE1666}.Debug|Any CPU.Build.0 = Debug|Any CPU
		{571CC960-9FA5-408E-9311-D2FA26AE1666}.Release|Any CPU.ActiveCfg = Release|Any CPU
		{571CC960-9FA5-408E-9311-D2FA26AE1666}.Release|Any CPU.Build.0 = Release|Any CPU
		{FDF58B49-24B0-47EF-9578-1C18B762BB4A}.Debug|Any CPU.ActiveCfg = Debug|Any CPU
		{FDF58B49-24B0-47EF-9578-1C18B762BB4A}.Debug|Any CPU.Build.0 = Debug|Any CPU
		{FDF58B49-24B0-47EF-9578-1C18B762BB4A}.Release|Any CPU.ActiveCfg = Release|Any CPU
		{FDF58B49-24B0-47EF-9578-1C18B762BB4A}.Release|Any CPU.Build.0 = Release|Any CPU
		{160462A9-A940-433A-BB8B-B8E1842B84C3}.Debug|Any CPU.ActiveCfg = Debug|Any CPU
		{160462A9-A940-433A-BB8B-B8E1842B84C3}.Debug|Any CPU.Build.0 = Debug|Any CPU
		{160462A9-A940-433A-BB8B-B8E1842B84C3}.Release|Any CPU.ActiveCfg = Release|Any CPU
		{160462A9-A940-433A-BB8B-B8E1842B84C3}.Release|Any CPU.Build.0 = Release|Any CPU
		{E0614206-114D-489E-A072-7BE4B96F2DC0}.Debug|Any CPU.ActiveCfg = Debug|Any CPU
		{E0614206-114D-489E-A072-7BE4B96F2DC0}.Debug|Any CPU.Build.0 = Debug|Any CPU
		{E0614206-114D-489E-A072-7BE4B96F2DC0}.Release|Any CPU.ActiveCfg = Release|Any CPU
		{E0614206-114D-489E-A072-7BE4B96F2DC0}.Release|Any CPU.Build.0 = Release|Any CPU
		{383AF63C-D60D-431B-AF80-3BE6E5712395}.Debug|Any CPU.ActiveCfg = Debug|Any CPU
		{383AF63C-D60D-431B-AF80-3BE6E5712395}.Debug|Any CPU.Build.0 = Debug|Any CPU
		{383AF63C-D60D-431B-AF80-3BE6E5712395}.Release|Any CPU.ActiveCfg = Release|Any CPU
		{383AF63C-D60D-431B-AF80-3BE6E5712395}.Release|Any CPU.Build.0 = Release|Any CPU
		{E88B49A6-0E08-41C7-9936-A63F37327AF4}.Debug|Any CPU.ActiveCfg = Debug|Any CPU
		{E88B49A6-0E08-41C7-9936-A63F37327AF4}.Debug|Any CPU.Build.0 = Debug|Any CPU
		{E88B49A6-0E08-41C7-9936-A63F37327AF4}.Release|Any CPU.ActiveCfg = Release|Any CPU
		{E88B49A6-0E08-41C7-9936-A63F37327AF4}.Release|Any CPU.Build.0 = Release|Any CPU
		{72782E84-309F-42B4-9245-25ED762930F7}.Debug|Any CPU.ActiveCfg = Debug|Any CPU
		{72782E84-309F-42B4-9245-25ED762930F7}.Debug|Any CPU.Build.0 = Debug|Any CPU
		{72782E84-309F-42B4-9245-25ED762930F7}.Release|Any CPU.ActiveCfg = Release|Any CPU
		{72782E84-309F-42B4-9245-25ED762930F7}.Release|Any CPU.Build.0 = Release|Any CPU
		{6DD7D2E2-F2D5-4D09-93A3-22D6C2D92006}.Debug|Any CPU.ActiveCfg = Debug|Any CPU
		{6DD7D2E2-F2D5-4D09-93A3-22D6C2D92006}.Debug|Any CPU.Build.0 = Debug|Any CPU
		{6DD7D2E2-F2D5-4D09-93A3-22D6C2D92006}.Release|Any CPU.ActiveCfg = Release|Any CPU
		{6DD7D2E2-F2D5-4D09-93A3-22D6C2D92006}.Release|Any CPU.Build.0 = Release|Any CPU
		{5812BE84-2A39-470A-875B-D45C0EA4045A}.Debug|Any CPU.ActiveCfg = Debug|Any CPU
		{5812BE84-2A39-470A-875B-D45C0EA4045A}.Debug|Any CPU.Build.0 = Debug|Any CPU
		{5812BE84-2A39-470A-875B-D45C0EA4045A}.Release|Any CPU.ActiveCfg = Release|Any CPU
		{5812BE84-2A39-470A-875B-D45C0EA4045A}.Release|Any CPU.Build.0 = Release|Any CPU
		{4262B29B-0755-4ADA-A6C2-F15D1C68EC83}.Debug|Any CPU.ActiveCfg = Debug|Any CPU
		{4262B29B-0755-4ADA-A6C2-F15D1C68EC83}.Debug|Any CPU.Build.0 = Debug|Any CPU
		{4262B29B-0755-4ADA-A6C2-F15D1C68EC83}.Release|Any CPU.ActiveCfg = Release|Any CPU
		{4262B29B-0755-4ADA-A6C2-F15D1C68EC83}.Release|Any CPU.Build.0 = Release|Any CPU
		{FE34FE8B-6795-43F2-B8E4-0D35F944E62D}.Debug|Any CPU.ActiveCfg = Debug|Any CPU
		{FE34FE8B-6795-43F2-B8E4-0D35F944E62D}.Debug|Any CPU.Build.0 = Debug|Any CPU
		{FE34FE8B-6795-43F2-B8E4-0D35F944E62D}.Release|Any CPU.ActiveCfg = Release|Any CPU
		{FE34FE8B-6795-43F2-B8E4-0D35F944E62D}.Release|Any CPU.Build.0 = Release|Any CPU
		{980620E5-76DA-4923-81D0-45AD01C76CA6}.Debug|Any CPU.ActiveCfg = Debug|Any CPU
		{980620E5-76DA-4923-81D0-45AD01C76CA6}.Debug|Any CPU.Build.0 = Debug|Any CPU
		{980620E5-76DA-4923-81D0-45AD01C76CA6}.Release|Any CPU.ActiveCfg = Release|Any CPU
		{980620E5-76DA-4923-81D0-45AD01C76CA6}.Release|Any CPU.Build.0 = Release|Any CPU
		{14294A88-A9FD-4D66-8526-41ADBAE20FFB}.Debug|Any CPU.ActiveCfg = Debug|Any CPU
		{14294A88-A9FD-4D66-8526-41ADBAE20FFB}.Debug|Any CPU.Build.0 = Debug|Any CPU
		{14294A88-A9FD-4D66-8526-41ADBAE20FFB}.Release|Any CPU.ActiveCfg = Release|Any CPU
		{14294A88-A9FD-4D66-8526-41ADBAE20FFB}.Release|Any CPU.Build.0 = Release|Any CPU
		{20890D12-C324-4739-A2DD-EA6E1BAE5793}.Debug|Any CPU.ActiveCfg = Debug|Any CPU
		{20890D12-C324-4739-A2DD-EA6E1BAE5793}.Debug|Any CPU.Build.0 = Debug|Any CPU
		{20890D12-C324-4739-A2DD-EA6E1BAE5793}.Release|Any CPU.ActiveCfg = Release|Any CPU
		{20890D12-C324-4739-A2DD-EA6E1BAE5793}.Release|Any CPU.Build.0 = Release|Any CPU
	EndGlobalSection
	GlobalSection(SolutionProperties) = preSolution
		HideSolutionNode = FALSE
	EndGlobalSection
	GlobalSection(NestedProjects) = preSolution
		{1A04CB0F-5FAD-44BD-9553-7FCA3BF4D531} = {FBE5F48B-691D-4B27-829E-42E2808CC54F}
		{571CC960-9FA5-408E-9311-D2FA26AE1666} = {FBE5F48B-691D-4B27-829E-42E2808CC54F}
		{FDF58B49-24B0-47EF-9578-1C18B762BB4A} = {FBE5F48B-691D-4B27-829E-42E2808CC54F}
		{160462A9-A940-433A-BB8B-B8E1842B84C3} = {0F3DB513-4F38-4EBB-8C41-2C243D533188}
		{E0614206-114D-489E-A072-7BE4B96F2DC0} = {0F3DB513-4F38-4EBB-8C41-2C243D533188}
		{383AF63C-D60D-431B-AF80-3BE6E5712395} = {0F3DB513-4F38-4EBB-8C41-2C243D533188}
		{E88B49A6-0E08-41C7-9936-A63F37327AF4} = {DE9125E4-CC62-4038-A4EE-01FEE1E9EDB8}
		{72782E84-309F-42B4-9245-25ED762930F7} = {DE9125E4-CC62-4038-A4EE-01FEE1E9EDB8}
		{6DD7D2E2-F2D5-4D09-93A3-22D6C2D92006} = {DE9125E4-CC62-4038-A4EE-01FEE1E9EDB8}
		{5812BE84-2A39-470A-875B-D45C0EA4045A} = {9EC3DAA2-D187-4A25-995F-23B00885161E}
		{4262B29B-0755-4ADA-A6C2-F15D1C68EC83} = {9EC3DAA2-D187-4A25-995F-23B00885161E}
		{FE34FE8B-6795-43F2-B8E4-0D35F944E62D} = {9EC3DAA2-D187-4A25-995F-23B00885161E}
		{980620E5-76DA-4923-81D0-45AD01C76CA6} = {8DC0E98D-68DC-4891-B8F8-C43207DE7B71}
		{14294A88-A9FD-4D66-8526-41ADBAE20FFB} = {8DC0E98D-68DC-4891-B8F8-C43207DE7B71}
		{20890D12-C324-4739-A2DD-EA6E1BAE5793} = {8DC0E98D-68DC-4891-B8F8-C43207DE7B71}
	EndGlobalSection
	GlobalSection(ExtensibilityGlobals) = postSolution
		SolutionGuid = {E4F3211B-51E5-4E0D-A8B0-43628DCD0E15}
	EndGlobalSection
EndGlobal
