
Microsoft Visual Studio Solution File, Format Version 12.00
# Visual Studio Version 17
VisualStudioVersion = 17.11.35327.3
MinimumVisualStudioVersion = 10.0.40219.1
Project("{9A19103F-16F7-4668-BE54-9A1E7A4F7556}") = "Tyuiu.DylginA.Sprint3.Task0.V25", "Tyuiu.DylginA.Sprint3.Task0.V25\Tyuiu.DylginA.Sprint3.Task0.V25.csproj", "{93FD359E-92B4-401B-97C2-B514FB9B455C}"
EndProject
Project("{9A19103F-16F7-4668-BE54-9A1E7A4F7556}") = "Tyuiu.DylginA.Sprint3.Task0.V25.Lib", "Tyuiu.DylginA.Sprint3.Task0.V25.Lib\Tyuiu.DylginA.Sprint3.Task0.V25.Lib.csproj", "{49C70CEC-3A14-4E00-BA84-9CE9780F73E7}"
EndProject
Project("{9A19103F-16F7-4668-BE54-9A1E7A4F7556}") = "Tyuiu.DylginA.Sprint3.Task0.V25.Test", "Tyuiu.DylginA.Sprint3.Task0.V25.Test\Tyuiu.DylginA.Sprint3.Task0.V25.Test.csproj", "{D9A451CB-94CF-42D9-86CF-89CC86874825}"
EndProject
Project("{2150E333-8FDC-42A3-9474-1A3956D46DE8}") = "Task1", "Task1", "{FBE5F48B-691D-4B27-829E-42E2808CC54F}"
EndProject
Project("{FAE04EC0-301F-11D3-BF4B-00C04F79EFBC}") = "Tyuiu.DylginA.Sprint3.Task1.V27", "Tyuiu.DylginA.Sprint3.Task1.V27\Tyuiu.DylginA.Sprint3.Task1.V27.csproj", "{1A04CB0F-5FAD-44BD-9553-7FCA3BF4D531}"
EndProject
Project("{FAE04EC0-301F-11D3-BF4B-00C04F79EFBC}") = "Tyuiu.DylginA.Sprint3.Task1.V27.Lib", "Tyuiu.DylginA.Sprint3.Task1.V27.Lib\Tyuiu.DylginA.Sprint3.Task1.V27.Lib.csproj", "{571CC960-9FA5-408E-9311-D2FA26AE1666}"
EndProject
Project("{FAE04EC0-301F-11D3-BF4B-00C04F79EFBC}") = "Tyuiu.DylginA.Sprint3.Task1.V27.Test", "Tyuiu.DylginA.Sprint3.Task1.V27.Test\Tyuiu.DylginA.Sprint3.Task1.V27.Test.csproj", "{FDF58B49-24B0-47EF-9578-1C18B762BB4A}"
EndProject
Project("{2150E333-8FDC-42A3-9474-1A3956D46DE8}") = "Task2", "Task2", "{0F3DB513-4F38-4EBB-8C41-2C243D533188}"
EndProject
Project("{FAE04EC0-301F-11D3-BF4B-00C04F79EFBC}") = "Tyuiu.DylginA.Sprint3.Task2.V9", "Tyuiu.DylginA.Sprint3.Task2.V9\Tyuiu.DylginA.Sprint3.Task2.V9.csproj", "{160462A9-A940-433A-BB8B-B8E1842B84C3}"
EndProject
Project("{FAE04EC0-301F-11D3-BF4B-00C04F79EFBC}") = "Tyuiu.DylginA.Sprint3.Task2.V9.Lib", "Tyuiu.DylginA.Sprint3.Task2.V9.Lib\Tyuiu.DylginA.Sprint3.Task2.V9.Lib.csproj", "{E0614206-114D-489E-A072-7BE4B96F2DC0}"
EndProject
Project("{FAE04EC0-301F-11D3-BF4B-00C04F79EFBC}") = "Tyuiu.DylginA.Sprint3.Task2.V9.Test", "Tyuiu.DylginA.Sprint3.Task2.V9.Test\Tyuiu.DylginA.Sprint3.Task2.V9.Test.csproj", "{383AF63C-D60D-431B-AF80-3BE6E5712395}"
EndProject
Global
	GlobalSection(SolutionConfigurationPlatforms) = preSolution
		Debug|Any CPU = Debug|Any CPU
		Release|Any CPU = Release|Any CPU
	EndGlobalSection
	GlobalSection(ProjectConfigurationPlatforms) = postSolution
		{93FD359E-92B4-401B-97C2-B514FB9B455C}.Debug|Any CPU.ActiveCfg = Debug|Any CPU
		{93FD359E-92B4-401B-97C2-B514FB9B455C}.Debug|Any CPU.Build.0 = Debug|Any CPU
		{93FD359E-92B4-401B-97C2-B514FB9B455C}.Release|Any CPU.ActiveCfg = Release|Any CPU
		{93FD359E-92B4-401B-97C2-B514FB9B455C}.Release|Any CPU.Build.0 = Release|Any CPU
		{49C70CEC-3A14-4E00-BA84-9CE9780F73E7}.Debug|Any CPU.ActiveCfg = Debug|Any CPU
		{49C70CEC-3A14-4E00-BA84-9CE9780F73E7}.Debug|Any CPU.Build.0 = Debug|Any CPU
		{49C70CEC-3A14-4E00-BA84-9CE9780F73E7}.Release|Any CPU.ActiveCfg = Release|Any CPU
		{49C70CEC-3A14-4E00-BA84-9CE9780F73E7}.Release|Any CPU.Build.0 = Release|Any CPU
		{D9A451CB-94CF-42D9-86CF-89CC86874825}.Debug|Any CPU.ActiveCfg = Debug|Any CPU
		{D9A451CB-94CF-42D9-86CF-89CC86874825}.Debug|Any CPU.Build.0 = Debug|Any CPU
		{D9A451CB-94CF-42D9-86CF-89CC86874825}.Release|Any CPU.ActiveCfg = Release|Any CPU
		{D9A451CB-94CF-42D9-86CF-89CC86874825}.Release|Any CPU.Build.0 = Release|Any CPU
		{1A04CB0F-5FAD-44BD-9553-7FCA3BF4D531}.Debug|Any CPU.ActiveCfg = Debug|Any CPU
		{1A04CB0F-5FAD-44BD-9553-7FCA3BF4D531}.Debug|Any CPU.Build.0 = Debug|Any CPU
		{1A04CB0F-5FAD-44BD-9553-7FCA3BF4D531}.Release|Any CPU.ActiveCfg = Release|Any CPU
		{1A04CB0F-5FAD-44BD-9553-7FCA3BF4D531}.Release|Any CPU.Build.0 = Release|Any CPU
		{571CC960-9FA5-408E-9311-D2FA26AE1666}.Debug|Any CPU.ActiveCfg = Debug|Any CPU
		{571CC960-9FA5-408E-9311-D2FA26AE1666}.Debug|Any CPU.Build.0 = Debug|Any CPU
		{571CC960-9FA5-408E-9311-D2FA26AE1666}.Release|Any CPU.ActiveCfg = Release|Any CPU
		{571CC960-9FA5-408E-9311-D2FA26AE1666}.Release|Any CPU.Build.0 = Release|Any CPU
		{FDF58B49-24B0-47EF-9578-1C18B762BB4A}.Debug|Any CPU.ActiveCfg = Debug|Any CPU
		{FDF58B49-24B0-47EF-9578-1C18B762BB4A}.Debug|Any CPU.Build.0 = Debug|Any CPU
		{FDF58B49-24B0-47EF-9578-1C18B762BB4A}.Release|Any CPU.ActiveCfg = Release|Any CPU
		{FDF58B49-24B0-47EF-9578-1C18B762BB4A}.Release|Any CPU.Build.0 = Release|Any CPU
		{160462A9-A940-433A-BB8B-B8E1842B84C3}.Debug|Any CPU.ActiveCfg = Debug|Any CPU
		{160462A9-A940-433A-BB8B-B8E1842B84C3}.Debug|Any CPU.Build.0 = Debug|Any CPU
		{160462A9-A940-433A-BB8B-B8E1842B84C3}.Release|Any CPU.ActiveCfg = Release|Any CPU
		{160462A9-A940-433A-BB8B-B8E1842B84C3}.Release|Any CPU.Build.0 = Release|Any CPU
		{E0614206-114D-489E-A072-7BE4B96F2DC0}.Debug|Any CPU.ActiveCfg = Debug|Any CPU
		{E0614206-114D-489E-A072-7BE4B96F2DC0}.Debug|Any CPU.Build.0 = Debug|Any CPU
		{E0614206-114D-489E-A072-7BE4B96F2DC0}.Release|Any CPU.ActiveCfg = Release|Any CPU
		{E0614206-114D-489E-A072-7BE4B96F2DC0}.Release|Any CPU.Build.0 = Release|Any CPU
		{383AF63C-D60D-431B-AF80-3BE6E5712395}.Debug|Any CPU.ActiveCfg = Debug|Any CPU
		{383AF63C-D60D-431B-AF80-3BE6E5712395}.Debug|Any CPU.Build.0 = Debug|Any CPU
		{383AF63C-D60D-431B-AF80-3BE6E5712395}.Release|Any CPU.ActiveCfg = Release|Any CPU
		{383AF63C-D60D-431B-AF80-3BE6E5712395}.Release|Any CPU.Build.0 = Release|Any CPU
	EndGlobalSection
	GlobalSection(SolutionProperties) = preSolution
		HideSolutionNode = FALSE
	EndGlobalSection
	GlobalSection(NestedProjects) = preSolution
		{1A04CB0F-5FAD-44BD-9553-7FCA3BF4D531} = {FBE5F48B-691D-4B27-829E-42E2808CC54F}
		{571CC960-9FA5-408E-9311-D2FA26AE1666} = {FBE5F48B-691D-4B27-829E-42E2808CC54F}
		{FDF58B49-24B0-47EF-9578-1C18B762BB4A} = {FBE5F48B-691D-4B27-829E-42E2808CC54F}
		{160462A9-A940-433A-BB8B-B8E1842B84C3} = {0F3DB513-4F38-4EBB-8C41-2C243D533188}
		{E0614206-114D-489E-A072-7BE4B96F2DC0} = {0F3DB513-4F38-4EBB-8C41-2C243D533188}
		{383AF63C-D60D-431B-AF80-3BE6E5712395} = {0F3DB513-4F38-4EBB-8C41-2C243D533188}
	EndGlobalSection
	GlobalSection(ExtensibilityGlobals) = postSolution
		SolutionGuid = {E4F3211B-51E5-4E0D-A8B0-43628DCD0E15}
	EndGlobalSection
EndGlobal
